
Microsoft Visual Studio Solution File, Format Version 12.00
# Visual Studio Version 17
VisualStudioVersion = 17.14.36414.22 d17.14
MinimumVisualStudioVersion = 10.0.40219.1
Project("{FAE04EC0-301F-11D3-BF4B-00C04F79EFBC}") = "Calculator", "Calculator\Calculator.csproj", "{DCF89587-3008-411A-8FC4-E3265224387C}"
EndProject
Global
	GlobalSection(SolutionConfigurationPlatforms) = preSolution
		Debug|Any CPU = Debug|Any CPU
		Release|Any CPU = Release|Any CPU
	EndGlobalSection
	GlobalSection(ProjectConfigurationPlatforms) = postSolution
		{DCF89587-3008-411A-8FC4-E3265224387C}.Debug|Any CPU.ActiveCfg = Debug|Any CPU
		{DCF89587-3008-411A-8FC4-E3265224387C}.Debug|Any CPU.Build.0 = Debug|Any CPU
		{DCF89587-3008-411A-8FC4-E3265224387C}.Release|Any CPU.ActiveCfg = Release|Any CPU
		{DCF89587-3008-411A-8FC4-E3265224387C}.Release|Any CPU.Build.0 = Release|Any CPU
	EndGlobalSection
	GlobalSection(SolutionProperties) = preSolution
		HideSolutionNode = FALSE
	EndGlobalSection
	GlobalSection(ExtensibilityGlobals) = postSolution
		SolutionGuid = {A44575AC-B151-4DAA-A5E8-E94FA63C4940}
	EndGlobalSection
EndGlobal
